{
  "name": "Attendance-Portal-Comcast",
  "lockfileVersion": 3,
  "requires": true,
  "packages": {
    "": {
      "dependencies": {
        "ng2-search-filter": "^0.5.1"
      }
    },
    "node_modules/ng2-search-filter": {
      "version": "0.5.1",
      "resolved": "https://artifactory.ci.cts.comcast.net:443/artifactory/api/npm/npm/ng2-search-filter/-/ng2-search-filter-0.5.1.tgz",
      "integrity": "sha1-bV9OJr0rLIyMxKrWWKq65qM/tK8=",
      "license": "MIT"
    }
  }
}
